{
  "name": "pwet-idom",
  "version": "0.0.6",
  "lockfileVersion": 1,
  "requires": true,
  "dependencies": {
    "idom-util": {
      "version": "1.0.3",
      "resolved": "https://registry.npmjs.org/idom-util/-/idom-util-1.0.3.tgz",
      "integrity": "sha512-yBiD7fn4azzfq+tarGVSjhueSTan2AIwjdJpLOPo+30uR4SdliX9WdvvrMpiJ20b7xRL6tKNUqeKtOKAJRYG9w=="
    },
    "lodash.debounce": {
      "version": "4.0.8",
      "resolved": "https://registry.npmjs.org/lodash.debounce/-/lodash.debounce-4.0.8.tgz",
      "integrity": "sha1-gteb/zCmfEAF/9XiUVMArZyk168="
    }
  }
}
